<?xml version="1.0" encoding="utf-8"?>
<Project ToolsVersion="4.0" xmlns="http://schemas.microsoft.com/developer/msbuild/2003">
  <ItemGroup>
    <Filter Include="源文件">
      <UniqueIdentifier>{4FC737F1-C7A5-4376-A066-2A32D752A2FF}</UniqueIdentifier>
      <Extensions>cpp;c;cc;cxx;def;odl;idl;hpj;bat;asm;asmx</Extensions>
    </Filter>
    <Filter Include="资源文件">
      <UniqueIdentifier>{67DA6AB6-F800-4c08-8B7A-83BB121AAD01}</UniqueIdentifier>
      <Extensions>rc;ico;cur;bmp;dlg;rc2;rct;bin;rgs;gif;jpg;jpeg;jpe;resx;tiff;tif;png;wav;mfcribbon-ms</Extensions>
    </Filter>
    <Filter Include="Domino">
      <UniqueIdentifier>{93995380-89BD-4b04-88EB-625FBE52EBFB}</UniqueIdentifier>
      <Extensions>h;hpp;hxx;hm;inl;inc;xsd</Extensions>
    </Filter>
    <Filter Include="Domino\Core">
      <UniqueIdentifier>{2cca4bfc-778a-4654-adc9-05fc8cc26156}</UniqueIdentifier>
    </Filter>
    <Filter Include="Domino\Component">
      <UniqueIdentifier>{596ef3b7-4779-449a-a7ca-7056b9529ced}</UniqueIdentifier>
    </Filter>
    <Filter Include="Domino\Struct">
      <UniqueIdentifier>{6802bfde-35b1-4c30-a7a8-f16d81dd9aab}</UniqueIdentifier>
    </Filter>
    <Filter Include="Domino\Object">
      <UniqueIdentifier>{23d7c097-5d06-4a85-ae8a-1b1964184c52}</UniqueIdentifier>
    </Filter>
    <Filter Include="Domino\Util">
      <UniqueIdentifier>{ec43a9e3-7397-4b00-ba9e-46faca77c21c}</UniqueIdentifier>
    </Filter>
    <Filter Include="Domino\Component\Render">
      <UniqueIdentifier>{4be5ad51-b1da-44af-adfa-518b09db3e7b}</UniqueIdentifier>
    </Filter>
    <Filter Include="Domino\Lib">
      <UniqueIdentifier>{85970599-f785-4648-9e4b-1f53023acc7e}</UniqueIdentifier>
    </Filter>
    <Filter Include="Domino\Lib\SOIL">
      <UniqueIdentifier>{911f50b9-c64e-4298-8941-32e811a4ddd0}</UniqueIdentifier>
    </Filter>
  </ItemGroup>
  <ItemGroup>
    <ClCompile Include="main.cpp">
      <Filter>源文件</Filter>
    </ClCompile>
    <ClCompile Include="Domino\Core\Application.cpp">
      <Filter>Domino\Core</Filter>
    </ClCompile>
    <ClCompile Include="Domino\Core\GameObject.cpp">
      <Filter>Domino\Core</Filter>
    </ClCompile>
    <ClCompile Include="Domino\Object\Shader.cpp">
      <Filter>Domino\Object</Filter>
    </ClCompile>
    <ClCompile Include="Domino\Struct\Vector.cpp">
      <Filter>Domino\Struct</Filter>
    </ClCompile>
    <ClCompile Include="Domino\Component\Render\MeshRenderer.cpp">
      <Filter>Domino\Component\Render</Filter>
    </ClCompile>
    <ClCompile Include="Domino\Lib\SOIL\image_DXT.c">
      <Filter>Domino\Lib\SOIL</Filter>
    </ClCompile>
    <ClCompile Include="Domino\Lib\SOIL\image_helper.c">
      <Filter>Domino\Lib\SOIL</Filter>
    </ClCompile>
    <ClCompile Include="Domino\Lib\SOIL\SOIL.c">
      <Filter>Domino\Lib\SOIL</Filter>
    </ClCompile>
    <ClCompile Include="Domino\Lib\SOIL\stb_image_aug.c">
      <Filter>Domino\Lib\SOIL</Filter>
    </ClCompile>
    <ClCompile Include="Domino\Component\Render\Renderer.cpp">
      <Filter>Domino\Component\Render</Filter>
    </ClCompile>
    <ClCompile Include="Domino\Object\Material.cpp">
      <Filter>Domino\Object</Filter>
    </ClCompile>
    <ClCompile Include="Domino\Struct\Color.cpp">
      <Filter>Domino\Struct</Filter>
    </ClCompile>
    <ClCompile Include="Domino\Util\Time.cpp">
      <Filter>Domino\Util</Filter>
    </ClCompile>
    <ClCompile Include="Domino\Util\Mathf.cpp">
      <Filter>Domino\Util</Filter>
    </ClCompile>
    <ClCompile Include="Domino\Component\Render\MeshFilter.cpp">
      <Filter>Domino\Component\Render</Filter>
    </ClCompile>
    <ClCompile Include="Domino\Object\Mesh.cpp">
      <Filter>Domino\Object</Filter>
    </ClCompile>
  </ItemGroup>
  <ItemGroup>
    <ClInclude Include="Domino\Core\Application.h">
      <Filter>Domino\Core</Filter>
    </ClInclude>
    <ClInclude Include="Domino\Core\GameObject.h">
      <Filter>Domino\Core</Filter>
    </ClInclude>
    <ClInclude Include="Domino\Component\Component.h">
      <Filter>Domino\Component</Filter>
    </ClInclude>
    <ClInclude Include="Domino\Component\Transform.h">
      <Filter>Domino\Component</Filter>
    </ClInclude>
    <ClInclude Include="Domino\Util\Debug.h">
      <Filter>Domino\Util</Filter>
    </ClInclude>
    <ClInclude Include="Domino\Object\Shader.h">
      <Filter>Domino\Object</Filter>
    </ClInclude>
    <ClInclude Include="Domino\Struct\Vector.h">
      <Filter>Domino\Struct</Filter>
    </ClInclude>
    <ClInclude Include="Domino\Domino.h">
      <Filter>Domino</Filter>
    </ClInclude>
    <ClInclude Include="Domino\Object\Object.h">
      <Filter>Domino\Object</Filter>
    </ClInclude>
    <ClInclude Include="Domino\Component\Render\MeshRenderer.h">
      <Filter>Domino\Component\Render</Filter>
    </ClInclude>
    <ClInclude Include="Domino\Object\Mesh.h">
      <Filter>Domino\Object</Filter>
    </ClInclude>
    <ClInclude Include="Domino\Lib\SOIL\image_DXT.h">
      <Filter>Domino\Lib\SOIL</Filter>
    </ClInclude>
    <ClInclude Include="Domino\Lib\SOIL\image_helper.h">
      <Filter>Domino\Lib\SOIL</Filter>
    </ClInclude>
    <ClInclude Include="Domino\Lib\SOIL\SOIL.h">
      <Filter>Domino\Lib\SOIL</Filter>
    </ClInclude>
    <ClInclude Include="Domino\Lib\SOIL\stb_image_aug.h">
      <Filter>Domino\Lib\SOIL</Filter>
    </ClInclude>
    <ClInclude Include="Domino\Lib\SOIL\stbi_DDS_aug.h">
      <Filter>Domino\Lib\SOIL</Filter>
    </ClInclude>
    <ClInclude Include="Domino\Lib\SOIL\stbi_DDS_aug_c.h">
      <Filter>Domino\Lib\SOIL</Filter>
    </ClInclude>
    <ClInclude Include="Domino\Object\Texture.h">
      <Filter>Domino\Object</Filter>
    </ClInclude>
    <ClInclude Include="Domino\Object\Material.h">
      <Filter>Domino\Object</Filter>
    </ClInclude>
    <ClInclude Include="Domino\Component\Render\Renderer.h">
      <Filter>Domino\Component\Render</Filter>
    </ClInclude>
    <ClInclude Include="Domino\Struct\Color.h">
      <Filter>Domino\Struct</Filter>
    </ClInclude>
    <ClInclude Include="Domino\Util\Mathf.h">
      <Filter>Domino\Util</Filter>
    </ClInclude>
    <ClInclude Include="Domino\Util\Time.h">
      <Filter>Domino\Util</Filter>
    </ClInclude>
    <ClInclude Include="Domino\Component\Render\MeshFilter.h">
      <Filter>Domino\Component\Render</Filter>
    </ClInclude>
  </ItemGroup>
</Project>